
Microsoft Visual Studio Solution File, Format Version 12.00
# Visual Studio Version 17
VisualStudioVersion = 17.3.32922.545
MinimumVisualStudioVersion = 10.0.40219.1
Project("{FAE04EC0-301F-11D3-BF4B-00C04F79EFBC}") = "Observer", "Observer.csproj", "{7FE77F7C-282A-4E13-9F2F-FCC29BCC5CF3}"
EndProject
Global
	GlobalSection(SolutionConfigurationPlatforms) = preSolution
		Debug|Any CPU = Debug|Any CPU
		Release|Any CPU = Release|Any CPU
	EndGlobalSection
	GlobalSection(ProjectConfigurationPlatforms) = postSolution
		{7FE77F7C-282A-4E13-9F2F-FCC29BCC5CF3}.Debug|Any CPU.ActiveCfg = Debug|Any CPU
		{7FE77F7C-282A-4E13-9F2F-FCC29BCC5CF3}.Debug|Any CPU.Build.0 = Debug|Any CPU
		{7FE77F7C-282A-4E13-9F2F-FCC29BCC5CF3}.Release|Any CPU.ActiveCfg = Release|Any CPU
		{7FE77F7C-282A-4E13-9F2F-FCC29BCC5CF3}.Release|Any CPU.Build.0 = Release|Any CPU
	EndGlobalSection
	GlobalSection(SolutionProperties) = preSolution
		HideSolutionNode = FALSE
	EndGlobalSection
	GlobalSection(ExtensibilityGlobals) = postSolution
		SolutionGuid = {DC0D972A-48D9-400A-86D7-B03B9458C587}
	EndGlobalSection
EndGlobal
